{
  "originHash" : "14c34bdebb08eb2abbab38ba48718a7f81499658732365c5869fdac508dbdfc4",
  "pins" : [
    {
      "identity" : "alamofire",
      "kind" : "remoteSourceControl",
      "location" : "https://github.com/Alamofire/Alamofire.git",
      "state" : {
        "revision" : "7595cbcf59809f9977c5f6378500de2ad73b7ddb",
        "version" : "5.12.0"
      }
    },
    {
      "identity" : "grdb.swift",
      "kind" : "remoteSourceControl",
      "location" : "https://github.com/groue/GRDB.swift.git",
      "state" : {
        "revision" : "b83108d10f42680d78f23fe4d4d80fc88dab3212",
        "version" : "7.11.1"
      }
    },
    {
      "identity" : "microsoft-authentication-library-for-objc",
      "kind" : "remoteSourceControl",
      "location" : "https://github.com/AzureAD/microsoft-authentication-library-for-objc",
      "state" : {
        "revision" : "444171407f5e0944e7b5cc94c12c6aa37ac39a31",
        "version" : "2.13.1"
      }
    },
    {
      "identity" : "tomlkit",
      "kind" : "remoteSourceControl",
      "location" : "https://github.com/LebJe/TOMLKit.git",
      "state" : {
        "revision" : "ec6198d37d495efc6acd4dffbd262cdca7ff9b3f",
        "version" : "0.6.0"
      }
    }
  ],
  "version" : 3
}
